// !$*UTF8*$!
{
	archiveVersion = 1;
	classes = {
	};
	objectVersion = 77;
	objects = {

/* Begin PBXBuildFile section */
		BEEFBB642D6F7BEE00CCB532 /* AppDelegate.swift in Sources */ = {isa = PBXBuildFile; fileRef = BEEFBB5A2D6F7BEE00CCB532 /* AppDelegate.swift */; };
		BEEFBB652D6F7BEE00CCB532 /* SceneDelegate.swift in Sources */ = {isa = PBXBuildFile; fileRef = BEEFBB612D6F7BEE00CCB532 /* SceneDelegate.swift */; };
		BEEFBB662D6F7BEE00CCB532 /* ViewController.swift in Sources */ = {isa = PBXBuildFile; fileRef = BEEFBB622D6F7BEE00CCB532 /* ViewController.swift */; };
		BEEFBB672D6F7BEE00CCB532 /* Assets.xcassets in Resources */ = {isa = PBXBuildFile; fileRef = BEEFBB5B2D6F7BEE00CCB532 /* Assets.xcassets */; };
		BEEFBB692D6F7BEE00CCB532 /* LaunchScreen.storyboard in Resources */ = {isa = PBXBuildFile; fileRef = BEEFBB5E2D6F7BEE00CCB532 /* LaunchScreen.storyboard */; };
		BEEFBB6A2D6F7BEE00CCB532 /* Main.storyboard in Resources */ = {isa = PBXBuildFile; fileRef = BEEFBB602D6F7BEE00CCB532 /* Main.storyboard */; };
		BEEFBB6E2D6F7C0100CCB532 /* CollectionViewCell.swift in Sources */ = {isa = PBXBuildFile; fileRef = BEEFBB6C2D6F7C0100CCB532 /* CollectionViewCell.swift */; };
		BEEFBB6F2D6F7C0100CCB532 /* CollectionViewCell.xib in Resources */ = {isa = PBXBuildFile; fileRef = BEEFBB6D2D6F7C0100CCB532 /* CollectionViewCell.xib */; };
/* End PBXBuildFile section */

/* Begin PBXFileReference section */
		BEEFBB422D6F7B9300CCB532 /* CollectionViewCenterCell.app */ = {isa = PBXFileReference; explicitFileType = wrapper.application; includeInIndex = 0; path = CollectionViewCenterCell.app; sourceTree = BUILT_PRODUCTS_DIR; };
		BEEFBB5A2D6F7BEE00CCB532 /* AppDelegate.swift */ = {isa = PBXFileReference; lastKnownFileType = sourcecode.swift; path = AppDelegate.swift; sourceTree = "<group>"; };
		BEEFBB5B2D6F7BEE00CCB532 /* Assets.xcassets */ = {isa = PBXFileReference; lastKnownFileType = folder.assetcatalog; path = Assets.xcassets; sourceTree = "<group>"; };
		BEEFBB5C2D6F7BEE00CCB532 /* Info.plist */ = {isa = PBXFileReference; lastKnownFileType = text.plist.xml; path = Info.plist; sourceTree = "<group>"; };
		BEEFBB5D2D6F7BEE00CCB532 /* Base */ = {isa = PBXFileReference; lastKnownFileType = file.storyboard; name = Base; path = Base.lproj/LaunchScreen.storyboard; sourceTree = "<group>"; };
		BEEFBB5F2D6F7BEE00CCB532 /* Base */ = {isa = PBXFileReference; lastKnownFileType = file.storyboard; name = Base; path = Base.lproj/Main.storyboard; sourceTree = "<group>"; };
		BEEFBB612D6F7BEE00CCB532 /* SceneDelegate.swift */ = {isa = PBXFileReference; lastKnownFileType = sourcecode.swift; path = SceneDelegate.swift; sourceTree = "<group>"; };
		BEEFBB622D6F7BEE00CCB532 /* ViewController.swift */ = {isa = PBXFileReference; lastKnownFileType = sourcecode.swift; path = ViewController.swift; sourceTree = "<group>"; };
		BEEFBB6C2D6F7C0100CCB532 /* CollectionViewCell.swift */ = {isa = PBXFileReference; lastKnownFileType = sourcecode.swift; path = CollectionViewCell.swift; sourceTree = "<group>"; };
		BEEFBB6D2D6F7C0100CCB532 /* CollectionViewCell.xib */ = {isa = PBXFileReference; lastKnownFileType = file.xib; path = CollectionViewCell.xib; sourceTree = "<group>"; };
/* End PBXFileReference section */

/* Begin PBXFrameworksBuildPhase section */
		BEEFBB3F2D6F7B9300CCB532 /* Frameworks */ = {
			isa = PBXFrameworksBuildPhase;
			buildActionMask = 2147483647;
			files = (
			);
			runOnlyForDeploymentPostprocessing = 0;
		};
/* End PBXFrameworksBuildPhase section */

/* Begin PBXGroup section */
		BEEFBB392D6F7B9300CCB532 = {
			isa = PBXGroup;
			children = (
				BEEFBB632D6F7BEE00CCB532 /* CollectionViewCenterCell */,
				BEEFBB432D6F7B9300CCB532 /* Products */,
			);
			sourceTree = "<group>";
		};
		BEEFBB432D6F7B9300CCB532 /* Products */ = {
			isa = PBXGroup;
			children = (
				BEEFBB422D6F7B9300CCB532 /* CollectionViewCenterCell.app */,
			);
			name = Products;
			sourceTree = "<group>";
		};
		BEEFBB632D6F7BEE00CCB532 /* CollectionViewCenterCell */ = {
			isa = PBXGroup;
			children = (
				BEEFBB6B2D6F7BF000CCB532 /* View */,
				BEEFBB5A2D6F7BEE00CCB532 /* AppDelegate.swift */,
				BEEFBB5B2D6F7BEE00CCB532 /* Assets.xcassets */,
				BEEFBB5C2D6F7BEE00CCB532 /* Info.plist */,
				BEEFBB5E2D6F7BEE00CCB532 /* LaunchScreen.storyboard */,
				BEEFBB602D6F7BEE00CCB532 /* Main.storyboard */,
				BEEFBB612D6F7BEE00CCB532 /* SceneDelegate.swift */,
				BEEFBB622D6F7BEE00CCB532 /* ViewController.swift */,
			);
			path = CollectionViewCenterCell;
			sourceTree = "<group>";
		};
		BEEFBB6B2D6F7BF000CCB532 /* View */ = {
			isa = PBXGroup;
			children = (
				BEEFBB6C2D6F7C0100CCB532 /* CollectionViewCell.swift */,
				BEEFBB6D2D6F7C0100CCB532 /* CollectionViewCell.xib */,
			);
			path = View;
			sourceTree = "<group>";
		};
/* End PBXGroup section */

/* Begin PBXNativeTarget section */
		BEEFBB412D6F7B9300CCB532 /* CollectionViewCenterCell */ = {
			isa = PBXNativeTarget;
			buildConfigurationList = BEEFBB552D6F7B9500CCB532 /* Build configuration list for PBXNativeTarget "CollectionViewCenterCell" */;
			buildPhases = (
				BEEFBB3E2D6F7B9300CCB532 /* Sources */,
				BEEFBB3F2D6F7B9300CCB532 /* Frameworks */,
				BEEFBB402D6F7B9300CCB532 /* Resources */,
			);
			buildRules = (
			);
			dependencies = (
			);
			name = CollectionViewCenterCell;
			packageProductDependencies = (
			);
			productName = CollectionViewCenterCell;
			productReference = BEEFBB422D6F7B9300CCB532 /* CollectionViewCenterCell.app */;
			productType = "com.apple.product-type.application";
		};
/* End PBXNativeTarget section */

/* Begin PBXProject section */
		BEEFBB3A2D6F7B9300CCB532 /* Project object */ = {
			isa = PBXProject;
			attributes = {
				BuildIndependentTargetsInParallel = 1;
				LastSwiftUpdateCheck = 1610;
				LastUpgradeCheck = 1610;
				TargetAttributes = {
					BEEFBB412D6F7B9300CCB532 = {
						CreatedOnToolsVersion = 16.1;
					};
				};
			};
			buildConfigurationList = BEEFBB3D2D6F7B9300CCB532 /* Build configuration list for PBXProject "CollectionViewCenterCell" */;
			developmentRegion = en;
			hasScannedForEncodings = 0;
			knownRegions = (
				en,
				Base,
			);
			mainGroup = BEEFBB392D6F7B9300CCB532;
			minimizedProjectReferenceProxies = 1;
			preferredProjectObjectVersion = 77;
			productRefGroup = BEEFBB432D6F7B9300CCB532 /* Products */;
			projectDirPath = "";
			projectRoot = "";
			targets = (
				BEEFBB412D6F7B9300CCB532 /* CollectionViewCenterCell */,
			);
		};
/* End PBXProject section */

/* Begin PBXResourcesBuildPhase section */
		BEEFBB402D6F7B9300CCB532 /* Resources */ = {
			isa = PBXResourcesBuildPhase;
			buildActionMask = 2147483647;
			files = (
				BEEFBB672D6F7BEE00CCB532 /* Assets.xcassets in Resources */,
				BEEFBB692D6F7BEE00CCB532 /* LaunchScreen.storyboard in Resources */,
				BEEFBB6F2D6F7C0100CCB532 /* CollectionViewCell.xib in Resources */,
				BEEFBB6A2D6F7BEE00CCB532 /* Main.storyboard in Resources */,
			);
			runOnlyForDeploymentPostprocessing = 0;
		};
/* End PBXResourcesBuildPhase section */

/* Begin PBXSourcesBuildPhase section */
		BEEFBB3E2D6F7B9300CCB532 /* Sources */ = {
			isa = PBXSourcesBuildPhase;
			buildActionMask = 2147483647;
			files = (
				BEEFBB642D6F7BEE00CCB532 /* AppDelegate.swift in Sources */,
				BEEFBB652D6F7BEE00CCB532 /* SceneDelegate.swift in Sources */,
				BEEFBB6E2D6F7C0100CCB532 /* CollectionViewCell.swift in Sources */,
				BEEFBB662D6F7BEE00CCB532 /* ViewController.swift in Sources */,
			);
			runOnlyForDeploymentPostprocessing = 0;
		};
/* End PBXSourcesBuildPhase section */

/* Begin PBXVariantGroup section */
		BEEFBB5E2D6F7BEE00CCB532 /* LaunchScreen.storyboard */ = {
			isa = PBXVariantGroup;
			children = (
				BEEFBB5D2D6F7BEE00CCB532 /* Base */,
			);
			name = LaunchScreen.storyboard;
			sourceTree = "<group>";
		};
		BEEFBB602D6F7BEE00CCB532 /* Main.storyboard */ = {
			isa = PBXVariantGroup;
			children = (
				BEEFBB5F2D6F7BEE00CCB532 /* Base */,
			);
			name = Main.storyboard;
			sourceTree = "<group>";
		};
/* End PBXVariantGroup section */

/* Begin XCBuildConfiguration section */
		BEEFBB562D6F7B9500CCB532 /* Debug */ = {
			isa = XCBuildConfiguration;
			buildSettings = {
				ASSETCATALOG_COMPILER_APPICON_NAME = AppIcon;
				ASSETCATALOG_COMPILER_GLOBAL_ACCENT_COLOR_NAME = AccentColor;
				CODE_SIGN_STYLE = Automatic;
				CURRENT_PROJECT_VERSION = 1;
				GENERATE_INFOPLIST_FILE = YES;
				INFOPLIST_FILE = CollectionViewCenterCell/Info.plist;
				INFOPLIST_KEY_UIApplicationSupportsIndirectInputEvents = YES;
				INFOPLIST_KEY_UILaunchStoryboardName = LaunchScreen;
				INFOPLIST_KEY_UIMainStoryboardFile = Main;
				INFOPLIST_KEY_UISupportedInterfaceOrientations_iPad = "UIInterfaceOrientationPortrait UIInterfaceOrientationPortraitUpsideDown UIInterfaceOrientationLandscapeLeft UIInterfaceOrientationLandscapeRight";
				INFOPLIST_KEY_UISupportedInterfaceOrientations_iPhone = "UIInterfaceOrientationPortrait UIInterfaceOrientationLandscapeLeft UIInterfaceOrientationLandscapeRight";
				LD_RUNPATH_SEARCH_PATHS = (
					"$(inherited)",
					"@executable_path/Frameworks",
				);
				MARKETING_VERSION = 1.0;
				PRODUCT_BUNDLE_IDENTIFIER = thirdcode.CollectionViewCenterCell;
				PRODUCT_NAME = "$(TARGET_NAME)";
				SWIFT_EMIT_LOC_STRINGS = YES;
				SWIFT_VERSION = 5.0;
				TARGETED_DEVICE_FAMILY = "1,2";
			};
			name = Debug;
		};
		BEEFBB572D6F7B9500CCB532 /* Release */ = {
			isa = XCBuildConfiguration;
			buildSettings = {
				ASSETCATALOG_COMPILER_APPICON_NAME = AppIcon;
				ASSETCATALOG_COMPILER_GLOBAL_ACCENT_COLOR_NAME = AccentColor;
				CODE_SIGN_STYLE = Automatic;
				CURRENT_PROJECT_VERSION = 1;
				GENERATE_INFOPLIST_FILE = YES;
				INFOPLIST_FILE = CollectionViewCenterCell/Info.plist;
				INFOPLIST_KEY_UIApplicationSupportsIndirectInputEvents = YES;
				INFOPLIST_KEY_UILaunchStoryboardName = LaunchScreen;
				INFOPLIST_KEY_UIMainStoryboardFile = Main;
				INFOPLIST_KEY_UISupportedInterfaceOrientations_iPad = "UIInterfaceOrientationPortrait UIInterfaceOrientationPortraitUpsideDown UIInterfaceOrientationLandscapeLeft UIInterfaceOrientationLandscapeRight";
				INFOPLIST_KEY_UISupportedInterfaceOrientations_iPhone = "UIInterfaceOrientationPortrait UIInterfaceOrientationLandscapeLeft UIInterfaceOrientationLandscapeRight";
				LD_RUNPATH_SEARCH_PATHS = (
					"$(inherited)",
					"@executable_path/Frameworks",
				);
				MARKETING_VERSION = 1.0;
				PRODUCT_BUNDLE_IDENTIFIER = thirdcode.CollectionViewCenterCell;
				PRODUCT_NAME = "$(TARGET_NAME)";
				SWIFT_EMIT_LOC_STRINGS = YES;
				SWIFT_VERSION = 5.0;
				TARGETED_DEVICE_FAMILY = "1,2";
			};
			name = Release;
		};
		BEEFBB582D6F7B9500CCB532 /* Debug */ = {
			isa = XCBuildConfiguration;
			buildSettings = {
				ALWAYS_SEARCH_USER_PATHS = NO;
				ASSETCATALOG_COMPILER_GENERATE_SWIFT_ASSET_SYMBOL_EXTENSIONS = YES;
				CLANG_ANALYZER_NONNULL = YES;
				CLANG_ANALYZER_NUMBER_OBJECT_CONVERSION = YES_AGGRESSIVE;
				CLANG_CXX_LANGUAGE_STANDARD = "gnu++20";
				CLANG_ENABLE_MODULES = YES;
				CLANG_ENABLE_OBJC_ARC = YES;
				CLANG_ENABLE_OBJC_WEAK = YES;
				CLANG_WARN_BLOCK_CAPTURE_AUTORELEASING = YES;
				CLANG_WARN_BOOL_CONVERSION = YES;
				CLANG_WARN_COMMA = YES;
				CLANG_WARN_CONSTANT_CONVERSION = YES;
				CLANG_WARN_DEPRECATED_OBJC_IMPLEMENTATIONS = YES;
				CLANG_WARN_DIRECT_OBJC_ISA_USAGE = YES_ERROR;
				CLANG_WARN_DOCUMENTATION_COMMENTS = YES;
				CLANG_WARN_EMPTY_BODY = YES;
				CLANG_WARN_ENUM_CONVERSION = YES;
				CLANG_WARN_INFINITE_RECURSION = YES;
				CLANG_WARN_INT_CONVERSION = YES;
				CLANG_WARN_NON_LITERAL_NULL_CONVERSION = YES;
				CLANG_WARN_OBJC_IMPLICIT_RETAIN_SELF = YES;
				CLANG_WARN_OBJC_LITERAL_CONVERSION = YES;
				CLANG_WARN_OBJC_ROOT_CLASS = YES_ERROR;
				CLANG_WARN_QUOTED_INCLUDE_IN_FRAMEWORK_HEADER = YES;
				CLANG_WARN_RANGE_LOOP_ANALYSIS = YES;
				CLANG_WARN_STRICT_PROTOTYPES = YES;
				CLANG_WARN_SUSPICIOUS_MOVE = YES;
				CLANG_WARN_UNGUARDED_AVAILABILITY = YES_AGGRESSIVE;
				CLANG_WARN_UNREACHABLE_CODE = YES;
				CLANG_WARN__DUPLICATE_METHOD_MATCH = YES;
				COPY_PHASE_STRIP = NO;
				DEBUG_INFORMATION_FORMAT = dwarf;
				ENABLE_STRICT_OBJC_MSGSEND = YES;
				ENABLE_TESTABILITY = YES;
				ENABLE_USER_SCRIPT_SANDBOXING = YES;
				GCC_C_LANGUAGE_STANDARD = gnu17;
				GCC_DYNAMIC_NO_PIC = NO;
				GCC_NO_COMMON_BLOCKS = YES;
				GCC_OPTIMIZATION_LEVEL = 0;
				GCC_PREPROCESSOR_DEFINITIONS = (
					"DEBUG=1",
					"$(inherited)",
				);
				GCC_WARN_64_TO_32_BIT_CONVERSION = YES;
				GCC_WARN_ABOUT_RETURN_TYPE = YES_ERROR;
				GCC_WARN_UNDECLARED_SELECTOR = YES;
				GCC_WARN_UNINITIALIZED_AUTOS = YES_AGGRESSIVE;
				GCC_WARN_UNUSED_FUNCTION = YES;
				GCC_WARN_UNUSED_VARIABLE = YES;
				IPHONEOS_DEPLOYMENT_TARGET = 18.1;
				LOCALIZATION_PREFERS_STRING_CATALOGS = YES;
				MTL_ENABLE_DEBUG_INFO = INCLUDE_SOURCE;
				MTL_FAST_MATH = YES;
				ONLY_ACTIVE_ARCH = YES;
				SDKROOT = iphoneos;
				SWIFT_ACTIVE_COMPILATION_CONDITIONS = "DEBUG $(inherited)";
				SWIFT_OPTIMIZATION_LEVEL = "-Onone";
			};
			name = Debug;
		};
		BEEFBB592D6F7B9500CCB532 /* Release */ = {
			isa = XCBuildConfiguration;
			buildSettings = {
				ALWAYS_SEARCH_USER_PATHS = NO;
				ASSETCATALOG_COMPILER_GENERATE_SWIFT_ASSET_SYMBOL_EXTENSIONS = YES;
				CLANG_ANALYZER_NONNULL = YES;
				CLANG_ANALYZER_NUMBER_OBJECT_CONVERSION = YES_AGGRESSIVE;
				CLANG_CXX_LANGUAGE_STANDARD = "gnu++20";
				CLANG_ENABLE_MODULES = YES;
				CLANG_ENABLE_OBJC_ARC = YES;
				CLANG_ENABLE_OBJC_WEAK = YES;
				CLANG_WARN_BLOCK_CAPTURE_AUTORELEASING = YES;
				CLANG_WARN_BOOL_CONVERSION = YES;
				CLANG_WARN_COMMA = YES;
				CLANG_WARN_CONSTANT_CONVERSION = YES;
				CLANG_WARN_DEPRECATED_OBJC_IMPLEMENTATIONS = YES;
				CLANG_WARN_DIRECT_OBJC_ISA_USAGE = YES_ERROR;
				CLANG_WARN_DOCUMENTATION_COMMENTS = YES;
				CLANG_WARN_EMPTY_BODY = YES;
				CLANG_WARN_ENUM_CONVERSION = YES;
				CLANG_WARN_INFINITE_RECURSION = YES;
				CLANG_WARN_INT_CONVERSION = YES;
				CLANG_WARN_NON_LITERAL_NULL_CONVERSION = YES;
				CLANG_WARN_OBJC_IMPLICIT_RETAIN_SELF = YES;
				CLANG_WARN_OBJC_LITERAL_CONVERSION = YES;
				CLANG_WARN_OBJC_ROOT_CLASS = YES_ERROR;
				CLANG_WARN_QUOTED_INCLUDE_IN_FRAMEWORK_HEADER = YES;
				CLANG_WARN_RANGE_LOOP_ANALYSIS = YES;
				CLANG_WARN_STRICT_PROTOTYPES = YES;
				CLANG_WARN_SUSPICIOUS_MOVE = YES;
				CLANG_WARN_UNGUARDED_AVAILABILITY = YES_AGGRESSIVE;
				CLANG_WARN_UNREACHABLE_CODE = YES;
				CLANG_WARN__DUPLICATE_METHOD_MATCH = YES;
				COPY_PHASE_STRIP = NO;
				DEBUG_INFORMATION_FORMAT = "dwarf-with-dsym";
				ENABLE_NS_ASSERTIONS = NO;
				ENABLE_STRICT_OBJC_MSGSEND = YES;
				ENABLE_USER_SCRIPT_SANDBOXING = YES;
				GCC_C_LANGUAGE_STANDARD = gnu17;
				GCC_NO_COMMON_BLOCKS = YES;
				GCC_WARN_64_TO_32_BIT_CONVERSION = YES;
				GCC_WARN_ABOUT_RETURN_TYPE = YES_ERROR;
				GCC_WARN_UNDECLARED_SELECTOR = YES;
				GCC_WARN_UNINITIALIZED_AUTOS = YES_AGGRESSIVE;
				GCC_WARN_UNUSED_FUNCTION = YES;
				GCC_WARN_UNUSED_VARIABLE = YES;
				IPHONEOS_DEPLOYMENT_TARGET = 18.1;
				LOCALIZATION_PREFERS_STRING_CATALOGS = YES;
				MTL_ENABLE_DEBUG_INFO = NO;
				MTL_FAST_MATH = YES;
				SDKROOT = iphoneos;
				SWIFT_COMPILATION_MODE = wholemodule;
				VALIDATE_PRODUCT = YES;
			};
			name = Release;
		};
/* End XCBuildConfiguration section */

/* Begin XCConfigurationList section */
		BEEFBB3D2D6F7B9300CCB532 /* Build configuration list for PBXProject "CollectionViewCenterCell" */ = {
			isa = XCConfigurationList;
			buildConfigurations = (
				BEEFBB582D6F7B9500CCB532 /* Debug */,
				BEEFBB592D6F7B9500CCB532 /* Release */,
			);
			defaultConfigurationIsVisible = 0;
			defaultConfigurationName = Release;
		};
		BEEFBB552D6F7B9500CCB532 /* Build configuration list for PBXNativeTarget "CollectionViewCenterCell" */ = {
			isa = XCConfigurationList;
			buildConfigurations = (
				BEEFBB562D6F7B9500CCB532 /* Debug */,
				BEEFBB572D6F7B9500CCB532 /* Release */,
			);
			defaultConfigurationIsVisible = 0;
			defaultConfigurationName = Release;
		};
/* End XCConfigurationList section */
	};
	rootObject = BEEFBB3A2D6F7B9300CCB532 /* Project object */;
}
